// !$*UTF8*$!
{
	archiveVersion = 1;
	classes = {
	};
	objectVersion = 52;
	objects = {

/* Begin PBXBuildFile section */
		0E1005C3257A6321006E77A9 /* CSV in Frameworks */ = {isa = PBXBuildFile; productRef = 0E1005C2257A6321006E77A9 /* CSV */; };
		0E3971F1257CE0C90046F2A0 /* Assets.xcassets in Resources */ = {isa = PBXBuildFile; fileRef = 0E3971F0257CE0C90046F2A0 /* Assets.xcassets */; };
		0E3971F3257CE1600046F2A0 /* poblaciones.csv in Resources */ = {isa = PBXBuildFile; fileRef = 0E3971F2257CE15F0046F2A0 /* poblaciones.csv */; };
		0E3971F7257CFF7A0046F2A0 /* CSVImporter in Frameworks */ = {isa = PBXBuildFile; productRef = 0E3971F6257CFF7A0046F2A0 /* CSVImporter */; };
		0E3971FF257D82610046F2A0 /* datos_covid_provincia.csv in Resources */ = {isa = PBXBuildFile; fileRef = 0E3971FE257D82610046F2A0 /* datos_covid_provincia.csv */; };
		0E530F9A257A482400942AF9 /* Poblacion.swift in Sources */ = {isa = PBXBuildFile; fileRef = 0E530F99257A482400942AF9 /* Poblacion.swift */; };
		0E530F9C257A49D000942AF9 /* Poblaciones.swift in Sources */ = {isa = PBXBuildFile; fileRef = 0E530F9B257A49D000942AF9 /* Poblaciones.swift */; };
		0E530F9E257A4A5000942AF9 /* EstadisticasCovid.swift in Sources */ = {isa = PBXBuildFile; fileRef = 0E530F9D257A4A5000942AF9 /* EstadisticasCovid.swift */; };
		0E530FA0257A4AD200942AF9 /* EstadisticasGenerales.swift in Sources */ = {isa = PBXBuildFile; fileRef = 0E530F9F257A4AD200942AF9 /* EstadisticasGenerales.swift */; };
		0E530FA2257A4B2700942AF9 /* TipoRestriccion.swift in Sources */ = {isa = PBXBuildFile; fileRef = 0E530FA1257A4B2700942AF9 /* TipoRestriccion.swift */; };
		0E530FA4257A4B6E00942AF9 /* Restriccion.swift in Sources */ = {isa = PBXBuildFile; fileRef = 0E530FA3257A4B6E00942AF9 /* Restriccion.swift */; };
		0E530FA6257A4B9400942AF9 /* Restricciones.swift in Sources */ = {isa = PBXBuildFile; fileRef = 0E530FA5257A4B9400942AF9 /* Restricciones.swift */; };
		0E74E14C2576D07600E0190D /* BienvenidoViewController.swift in Sources */ = {isa = PBXBuildFile; fileRef = 0E74E14A2576D07600E0190D /* BienvenidoViewController.swift */; };
		0E74E14D2576D07600E0190D /* BienvenidoViewController.xib in Resources */ = {isa = PBXBuildFile; fileRef = 0E74E14B2576D07600E0190D /* BienvenidoViewController.xib */; };
		0E74E1542576E3A900E0190D /* Usuario.swift in Sources */ = {isa = PBXBuildFile; fileRef = 0E74E1532576E3A900E0190D /* Usuario.swift */; };
		0E74E1572576E41900E0190D /* Usuarios.swift in Sources */ = {isa = PBXBuildFile; fileRef = 0E74E1562576E41900E0190D /* Usuarios.swift */; };
		0EBA04612575440C00E3F29A /* AppDelegate.swift in Sources */ = {isa = PBXBuildFile; fileRef = 0EBA04602575440C00E3F29A /* AppDelegate.swift */; };
		0EBA04632575440C00E3F29A /* SceneDelegate.swift in Sources */ = {isa = PBXBuildFile; fileRef = 0EBA04622575440C00E3F29A /* SceneDelegate.swift */; };
		0EBA04652575440C00E3F29A /* ViewController.swift in Sources */ = {isa = PBXBuildFile; fileRef = 0EBA04642575440C00E3F29A /* ViewController.swift */; };
		0EBA04682575440C00E3F29A /* Main.storyboard in Resources */ = {isa = PBXBuildFile; fileRef = 0EBA04662575440C00E3F29A /* Main.storyboard */; };
		0EBA046D2575440D00E3F29A /* LaunchScreen.storyboard in Resources */ = {isa = PBXBuildFile; fileRef = 0EBA046B2575440D00E3F29A /* LaunchScreen.storyboard */; };
		0EBA04772575558B00E3F29A /* Gradient.swift in Sources */ = {isa = PBXBuildFile; fileRef = 0EBA04762575558B00E3F29A /* Gradient.swift */; };
/* End PBXBuildFile section */

/* Begin PBXFileReference section */
		0E3971F0257CE0C90046F2A0 /* Assets.xcassets */ = {isa = PBXFileReference; lastKnownFileType = folder.assetcatalog; path = Assets.xcassets; sourceTree = "<group>"; };
		0E3971F2257CE15F0046F2A0 /* poblaciones.csv */ = {isa = PBXFileReference; fileEncoding = 4; lastKnownFileType = text; path = poblaciones.csv; sourceTree = "<group>"; };
		0E3971FE257D82610046F2A0 /* datos_covid_provincia.csv */ = {isa = PBXFileReference; fileEncoding = 4; lastKnownFileType = text; name = datos_covid_provincia.csv; path = ../../../datos_covid_provincia.csv; sourceTree = "<group>"; };
		0E530F99257A482400942AF9 /* Poblacion.swift */ = {isa = PBXFileReference; lastKnownFileType = sourcecode.swift; path = Poblacion.swift; sourceTree = "<group>"; };
		0E530F9B257A49D000942AF9 /* Poblaciones.swift */ = {isa = PBXFileReference; lastKnownFileType = sourcecode.swift; name = Poblaciones.swift; path = "/Applications/Xcode.app/Contents/Developer/Platforms/iPhoneOS.platform/Developer/SDKs/iPhoneOS13.6.sdk/../../../../../../../../../Users/satfail/Onedrive/GSI/5º Cuatrimestre/Moviles/20-21/IOS/Proyectos/RastreadorCovid/RastreadorCovid/clasescovid/Poblaciones.swift"; sourceTree = "<absolute>"; };
		0E530F9D257A4A5000942AF9 /* EstadisticasCovid.swift */ = {isa = PBXFileReference; lastKnownFileType = sourcecode.swift; path = EstadisticasCovid.swift; sourceTree = "<group>"; };
		0E530F9F257A4AD200942AF9 /* EstadisticasGenerales.swift */ = {isa = PBXFileReference; lastKnownFileType = sourcecode.swift; path = EstadisticasGenerales.swift; sourceTree = "<group>"; };
		0E530FA1257A4B2700942AF9 /* TipoRestriccion.swift */ = {isa = PBXFileReference; lastKnownFileType = sourcecode.swift; path = TipoRestriccion.swift; sourceTree = "<group>"; };
		0E530FA3257A4B6E00942AF9 /* Restriccion.swift */ = {isa = PBXFileReference; lastKnownFileType = sourcecode.swift; path = Restriccion.swift; sourceTree = "<group>"; };
		0E530FA5257A4B9400942AF9 /* Restricciones.swift */ = {isa = PBXFileReference; lastKnownFileType = sourcecode.swift; path = Restricciones.swift; sourceTree = "<group>"; };
		0E74E14A2576D07600E0190D /* BienvenidoViewController.swift */ = {isa = PBXFileReference; lastKnownFileType = sourcecode.swift; path = BienvenidoViewController.swift; sourceTree = "<group>"; };
		0E74E14B2576D07600E0190D /* BienvenidoViewController.xib */ = {isa = PBXFileReference; lastKnownFileType = file.xib; path = BienvenidoViewController.xib; sourceTree = "<group>"; };
		0E74E1532576E3A900E0190D /* Usuario.swift */ = {isa = PBXFileReference; lastKnownFileType = sourcecode.swift; path = Usuario.swift; sourceTree = "<group>"; };
		0E74E1562576E41900E0190D /* Usuarios.swift */ = {isa = PBXFileReference; lastKnownFileType = sourcecode.swift; path = Usuarios.swift; sourceTree = "<group>"; };
		0EBA045D2575440C00E3F29A /* RastreadorCovid.app */ = {isa = PBXFileReference; explicitFileType = wrapper.application; includeInIndex = 0; path = RastreadorCovid.app; sourceTree = BUILT_PRODUCTS_DIR; };
		0EBA04602575440C00E3F29A /* AppDelegate.swift */ = {isa = PBXFileReference; lastKnownFileType = sourcecode.swift; path = AppDelegate.swift; sourceTree = "<group>"; };
		0EBA04622575440C00E3F29A /* SceneDelegate.swift */ = {isa = PBXFileReference; lastKnownFileType = sourcecode.swift; path = SceneDelegate.swift; sourceTree = "<group>"; };
		0EBA04642575440C00E3F29A /* ViewController.swift */ = {isa = PBXFileReference; lastKnownFileType = sourcecode.swift; path = ViewController.swift; sourceTree = "<group>"; };
		0EBA04672575440C00E3F29A /* Base */ = {isa = PBXFileReference; lastKnownFileType = file.storyboard; name = Base; path = Base.lproj/Main.storyboard; sourceTree = "<group>"; };
		0EBA046C2575440D00E3F29A /* Base */ = {isa = PBXFileReference; lastKnownFileType = file.storyboard; name = Base; path = Base.lproj/LaunchScreen.storyboard; sourceTree = "<group>"; };
		0EBA046E2575440D00E3F29A /* Info.plist */ = {isa = PBXFileReference; lastKnownFileType = text.plist.xml; path = Info.plist; sourceTree = "<group>"; };
		0EBA04762575558B00E3F29A /* Gradient.swift */ = {isa = PBXFileReference; lastKnownFileType = sourcecode.swift; path = Gradient.swift; sourceTree = "<group>"; };
/* End PBXFileReference section */

/* Begin PBXFrameworksBuildPhase section */
		0EBA045A2575440C00E3F29A /* Frameworks */ = {
			isa = PBXFrameworksBuildPhase;
			buildActionMask = 2147483647;
			files = (
				0E1005C3257A6321006E77A9 /* CSV in Frameworks */,
				0E3971F7257CFF7A0046F2A0 /* CSVImporter in Frameworks */,
			);
			runOnlyForDeploymentPostprocessing = 0;
		};
/* End PBXFrameworksBuildPhase section */

/* Begin PBXGroup section */
		0E530F98257A47FB00942AF9 /* clasescovid */ = {
			isa = PBXGroup;
			children = (
				0E3971FE257D82610046F2A0 /* datos_covid_provincia.csv */,
				0E3971F2257CE15F0046F2A0 /* poblaciones.csv */,
				0E530F99257A482400942AF9 /* Poblacion.swift */,
				0E530F9B257A49D000942AF9 /* Poblaciones.swift */,
				0E530F9D257A4A5000942AF9 /* EstadisticasCovid.swift */,
				0E530F9F257A4AD200942AF9 /* EstadisticasGenerales.swift */,
				0E530FA1257A4B2700942AF9 /* TipoRestriccion.swift */,
				0E530FA3257A4B6E00942AF9 /* Restriccion.swift */,
				0E530FA5257A4B9400942AF9 /* Restricciones.swift */,
			);
			path = clasescovid;
			sourceTree = "<group>";
		};
		0E74E1552576E40500E0190D /* clases */ = {
			isa = PBXGroup;
			children = (
				0E74E1532576E3A900E0190D /* Usuario.swift */,
				0E74E1562576E41900E0190D /* Usuarios.swift */,
			);
			name = clases;
			sourceTree = "<group>";
		};
		0EBA04542575440C00E3F29A = {
			isa = PBXGroup;
			children = (
				0EBA045F2575440C00E3F29A /* RastreadorCovid */,
				0EBA045E2575440C00E3F29A /* Products */,
			);
			sourceTree = "<group>";
		};
		0EBA045E2575440C00E3F29A /* Products */ = {
			isa = PBXGroup;
			children = (
				0EBA045D2575440C00E3F29A /* RastreadorCovid.app */,
			);
			name = Products;
			sourceTree = "<group>";
		};
		0EBA045F2575440C00E3F29A /* RastreadorCovid */ = {
			isa = PBXGroup;
			children = (
				0E530F98257A47FB00942AF9 /* clasescovid */,
				0E74E1552576E40500E0190D /* clases */,
				0EBA04602575440C00E3F29A /* AppDelegate.swift */,
				0EBA04622575440C00E3F29A /* SceneDelegate.swift */,
				0E3971F0257CE0C90046F2A0 /* Assets.xcassets */,
				0EBA04642575440C00E3F29A /* ViewController.swift */,
				0EBA04662575440C00E3F29A /* Main.storyboard */,
				0EBA046B2575440D00E3F29A /* LaunchScreen.storyboard */,
				0EBA046E2575440D00E3F29A /* Info.plist */,
				0EBA04762575558B00E3F29A /* Gradient.swift */,
				0E74E14A2576D07600E0190D /* BienvenidoViewController.swift */,
				0E74E14B2576D07600E0190D /* BienvenidoViewController.xib */,
			);
			path = RastreadorCovid;
			sourceTree = "<group>";
		};
/* End PBXGroup section */

/* Begin PBXNativeTarget section */
		0EBA045C2575440C00E3F29A /* RastreadorCovid */ = {
			isa = PBXNativeTarget;
			buildConfigurationList = 0EBA04712575440D00E3F29A /* Build configuration list for PBXNativeTarget "RastreadorCovid" */;
			buildPhases = (
				0EBA04592575440C00E3F29A /* Sources */,
				0EBA045A2575440C00E3F29A /* Frameworks */,
				0EBA045B2575440C00E3F29A /* Resources */,
			);
			buildRules = (
			);
			dependencies = (
			);
			name = RastreadorCovid;
			packageProductDependencies = (
				0E1005C2257A6321006E77A9 /* CSV */,
				0E3971F6257CFF7A0046F2A0 /* CSVImporter */,
			);
			productName = RastreadorCovid;
			productReference = 0EBA045D2575440C00E3F29A /* RastreadorCovid.app */;
			productType = "com.apple.product-type.application";
		};
/* End PBXNativeTarget section */

/* Begin PBXProject section */
		0EBA04552575440C00E3F29A /* Project object */ = {
			isa = PBXProject;
			attributes = {
				LastSwiftUpdateCheck = 1160;
				LastUpgradeCheck = 1160;
				ORGANIZATIONNAME = "Miguel Ángel Gragera García";
				TargetAttributes = {
					0EBA045C2575440C00E3F29A = {
						CreatedOnToolsVersion = 11.6;
					};
				};
			};
			buildConfigurationList = 0EBA04582575440C00E3F29A /* Build configuration list for PBXProject "RastreadorCovid" */;
			compatibilityVersion = "Xcode 9.3";
			developmentRegion = en;
			hasScannedForEncodings = 0;
			knownRegions = (
				en,
				Base,
			);
			mainGroup = 0EBA04542575440C00E3F29A;
			packageReferences = (
				0E1005C1257A6321006E77A9 /* XCRemoteSwiftPackageReference "CSV.swift" */,
				0E3971F4257CF9D90046F2A0 /* XCRemoteSwiftPackageReference "swift-package-manager" */,
				0E3971F5257CFF7A0046F2A0 /* XCRemoteSwiftPackageReference "CSVImporter" */,
			);
			productRefGroup = 0EBA045E2575440C00E3F29A /* Products */;
			projectDirPath = "";
			projectRoot = "";
			targets = (
				0EBA045C2575440C00E3F29A /* RastreadorCovid */,
			);
		};
/* End PBXProject section */

/* Begin PBXResourcesBuildPhase section */
		0EBA045B2575440C00E3F29A /* Resources */ = {
			isa = PBXResourcesBuildPhase;
			buildActionMask = 2147483647;
			files = (
				0EBA046D2575440D00E3F29A /* LaunchScreen.storyboard in Resources */,
				0EBA04682575440C00E3F29A /* Main.storyboard in Resources */,
				0E3971FF257D82610046F2A0 /* datos_covid_provincia.csv in Resources */,
				0E74E14D2576D07600E0190D /* BienvenidoViewController.xib in Resources */,
				0E3971F3257CE1600046F2A0 /* poblaciones.csv in Resources */,
				0E3971F1257CE0C90046F2A0 /* Assets.xcassets in Resources */,
			);
			runOnlyForDeploymentPostprocessing = 0;
		};
/* End PBXResourcesBuildPhase section */

/* Begin PBXSourcesBuildPhase section */
		0EBA04592575440C00E3F29A /* Sources */ = {
			isa = PBXSourcesBuildPhase;
			buildActionMask = 2147483647;
			files = (
				0EBA04652575440C00E3F29A /* ViewController.swift in Sources */,
				0E530F9A257A482400942AF9 /* Poblacion.swift in Sources */,
				0E530F9E257A4A5000942AF9 /* EstadisticasCovid.swift in Sources */,
				0E74E1572576E41900E0190D /* Usuarios.swift in Sources */,
				0E74E14C2576D07600E0190D /* BienvenidoViewController.swift in Sources */,
				0E530FA4257A4B6E00942AF9 /* Restriccion.swift in Sources */,
				0E530FA2257A4B2700942AF9 /* TipoRestriccion.swift in Sources */,
				0E74E1542576E3A900E0190D /* Usuario.swift in Sources */,
				0EBA04612575440C00E3F29A /* AppDelegate.swift in Sources */,
				0EBA04632575440C00E3F29A /* SceneDelegate.swift in Sources */,
				0EBA04772575558B00E3F29A /* Gradient.swift in Sources */,
				0E530FA0257A4AD200942AF9 /* EstadisticasGenerales.swift in Sources */,
				0E530F9C257A49D000942AF9 /* Poblaciones.swift in Sources */,
				0E530FA6257A4B9400942AF9 /* Restricciones.swift in Sources */,
			);
			runOnlyForDeploymentPostprocessing = 0;
		};
/* End PBXSourcesBuildPhase section */

/* Begin PBXVariantGroup section */
		0EBA04662575440C00E3F29A /* Main.storyboard */ = {
			isa = PBXVariantGroup;
			children = (
				0EBA04672575440C00E3F29A /* Base */,
			);
			name = Main.storyboard;
			sourceTree = "<group>";
		};
		0EBA046B2575440D00E3F29A /* LaunchScreen.storyboard */ = {
			isa = PBXVariantGroup;
			children = (
				0EBA046C2575440D00E3F29A /* Base */,
			);
			name = LaunchScreen.storyboard;
			sourceTree = "<group>";
		};
/* End PBXVariantGroup section */

/* Begin XCBuildConfiguration section */
		0EBA046F2575440D00E3F29A /* Debug */ = {
			isa = XCBuildConfiguration;
			buildSettings = {
				ALWAYS_SEARCH_USER_PATHS = NO;
				CLANG_ANALYZER_NONNULL = YES;
				CLANG_ANALYZER_NUMBER_OBJECT_CONVERSION = YES_AGGRESSIVE;
				CLANG_CXX_LANGUAGE_STANDARD = "gnu++14";
				CLANG_CXX_LIBRARY = "libc++";
				CLANG_ENABLE_MODULES = YES;
				CLANG_ENABLE_OBJC_ARC = YES;
				CLANG_ENABLE_OBJC_WEAK = YES;
				CLANG_WARN_BLOCK_CAPTURE_AUTORELEASING = YES;
				CLANG_WARN_BOOL_CONVERSION = YES;
				CLANG_WARN_COMMA = YES;
				CLANG_WARN_CONSTANT_CONVERSION = YES;
				CLANG_WARN_DEPRECATED_OBJC_IMPLEMENTATIONS = YES;
				CLANG_WARN_DIRECT_OBJC_ISA_USAGE = YES_ERROR;
				CLANG_WARN_DOCUMENTATION_COMMENTS = YES;
				CLANG_WARN_EMPTY_BODY = YES;
				CLANG_WARN_ENUM_CONVERSION = YES;
				CLANG_WARN_INFINITE_RECURSION = YES;
				CLANG_WARN_INT_CONVERSION = YES;
				CLANG_WARN_NON_LITERAL_NULL_CONVERSION = YES;
				CLANG_WARN_OBJC_IMPLICIT_RETAIN_SELF = YES;
				CLANG_WARN_OBJC_LITERAL_CONVERSION = YES;
				CLANG_WARN_OBJC_ROOT_CLASS = YES_ERROR;
				CLANG_WARN_RANGE_LOOP_ANALYSIS = YES;
				CLANG_WARN_STRICT_PROTOTYPES = YES;
				CLANG_WARN_SUSPICIOUS_MOVE = YES;
				CLANG_WARN_UNGUARDED_AVAILABILITY = YES_AGGRESSIVE;
				CLANG_WARN_UNREACHABLE_CODE = YES;
				CLANG_WARN__DUPLICATE_METHOD_MATCH = YES;
				COPY_PHASE_STRIP = NO;
				DEBUG_INFORMATION_FORMAT = dwarf;
				ENABLE_STRICT_OBJC_MSGSEND = YES;
				ENABLE_TESTABILITY = YES;
				GCC_C_LANGUAGE_STANDARD = gnu11;
				GCC_DYNAMIC_NO_PIC = NO;
				GCC_NO_COMMON_BLOCKS = YES;
				GCC_OPTIMIZATION_LEVEL = 0;
				GCC_PREPROCESSOR_DEFINITIONS = (
					"DEBUG=1",
					"$(inherited)",
				);
				GCC_WARN_64_TO_32_BIT_CONVERSION = YES;
				GCC_WARN_ABOUT_RETURN_TYPE = YES_ERROR;
				GCC_WARN_UNDECLARED_SELECTOR = YES;
				GCC_WARN_UNINITIALIZED_AUTOS = YES_AGGRESSIVE;
				GCC_WARN_UNUSED_FUNCTION = YES;
				GCC_WARN_UNUSED_VARIABLE = YES;
				IPHONEOS_DEPLOYMENT_TARGET = 13.6;
				MTL_ENABLE_DEBUG_INFO = INCLUDE_SOURCE;
				MTL_FAST_MATH = YES;
				ONLY_ACTIVE_ARCH = YES;
				SDKROOT = iphoneos;
				SWIFT_ACTIVE_COMPILATION_CONDITIONS = DEBUG;
				SWIFT_OPTIMIZATION_LEVEL = "-Onone";
			};
			name = Debug;
		};
		0EBA04702575440D00E3F29A /* Release */ = {
			isa = XCBuildConfiguration;
			buildSettings = {
				ALWAYS_SEARCH_USER_PATHS = NO;
				CLANG_ANALYZER_NONNULL = YES;
				CLANG_ANALYZER_NUMBER_OBJECT_CONVERSION = YES_AGGRESSIVE;
				CLANG_CXX_LANGUAGE_STANDARD = "gnu++14";
				CLANG_CXX_LIBRARY = "libc++";
				CLANG_ENABLE_MODULES = YES;
				CLANG_ENABLE_OBJC_ARC = YES;
				CLANG_ENABLE_OBJC_WEAK = YES;
				CLANG_WARN_BLOCK_CAPTURE_AUTORELEASING = YES;
				CLANG_WARN_BOOL_CONVERSION = YES;
				CLANG_WARN_COMMA = YES;
				CLANG_WARN_CONSTANT_CONVERSION = YES;
				CLANG_WARN_DEPRECATED_OBJC_IMPLEMENTATIONS = YES;
				CLANG_WARN_DIRECT_OBJC_ISA_USAGE = YES_ERROR;
				CLANG_WARN_DOCUMENTATION_COMMENTS = YES;
				CLANG_WARN_EMPTY_BODY = YES;
				CLANG_WARN_ENUM_CONVERSION = YES;
				CLANG_WARN_INFINITE_RECURSION = YES;
				CLANG_WARN_INT_CONVERSION = YES;
				CLANG_WARN_NON_LITERAL_NULL_CONVERSION = YES;
				CLANG_WARN_OBJC_IMPLICIT_RETAIN_SELF = YES;
				CLANG_WARN_OBJC_LITERAL_CONVERSION = YES;
				CLANG_WARN_OBJC_ROOT_CLASS = YES_ERROR;
				CLANG_WARN_RANGE_LOOP_ANALYSIS = YES;
				CLANG_WARN_STRICT_PROTOTYPES = YES;
				CLANG_WARN_SUSPICIOUS_MOVE = YES;
				CLANG_WARN_UNGUARDED_AVAILABILITY = YES_AGGRESSIVE;
				CLANG_WARN_UNREACHABLE_CODE = YES;
				CLANG_WARN__DUPLICATE_METHOD_MATCH = YES;
				COPY_PHASE_STRIP = NO;
				DEBUG_INFORMATION_FORMAT = "dwarf-with-dsym";
				ENABLE_NS_ASSERTIONS = NO;
				ENABLE_STRICT_OBJC_MSGSEND = YES;
				GCC_C_LANGUAGE_STANDARD = gnu11;
				GCC_NO_COMMON_BLOCKS = YES;
				GCC_WARN_64_TO_32_BIT_CONVERSION = YES;
				GCC_WARN_ABOUT_RETURN_TYPE = YES_ERROR;
				GCC_WARN_UNDECLARED_SELECTOR = YES;
				GCC_WARN_UNINITIALIZED_AUTOS = YES_AGGRESSIVE;
				GCC_WARN_UNUSED_FUNCTION = YES;
				GCC_WARN_UNUSED_VARIABLE = YES;
				IPHONEOS_DEPLOYMENT_TARGET = 13.6;
				MTL_ENABLE_DEBUG_INFO = NO;
				MTL_FAST_MATH = YES;
				SDKROOT = iphoneos;
				SWIFT_COMPILATION_MODE = wholemodule;
				SWIFT_OPTIMIZATION_LEVEL = "-O";
				VALIDATE_PRODUCT = YES;
			};
			name = Release;
		};
		0EBA04722575440D00E3F29A /* Debug */ = {
			isa = XCBuildConfiguration;
			buildSettings = {
				ASSETCATALOG_COMPILER_APPICON_NAME = AppIcon;
				CODE_SIGN_STYLE = Automatic;
				INFOPLIST_FILE = RastreadorCovid/Info.plist;
				LD_RUNPATH_SEARCH_PATHS = (
					"$(inherited)",
					"@executable_path/Frameworks",
				);
				PRODUCT_BUNDLE_IDENTIFIER = edu.ucam.RastreadorCovid;
				PRODUCT_NAME = "$(TARGET_NAME)";
				SWIFT_VERSION = 5.0;
				TARGETED_DEVICE_FAMILY = "1,2";
			};
			name = Debug;
		};
		0EBA04732575440D00E3F29A /* Release */ = {
			isa = XCBuildConfiguration;
			buildSettings = {
				ASSETCATALOG_COMPILER_APPICON_NAME = AppIcon;
				CODE_SIGN_STYLE = Automatic;
				INFOPLIST_FILE = RastreadorCovid/Info.plist;
				LD_RUNPATH_SEARCH_PATHS = (
					"$(inherited)",
					"@executable_path/Frameworks",
				);
				PRODUCT_BUNDLE_IDENTIFIER = edu.ucam.RastreadorCovid;
				PRODUCT_NAME = "$(TARGET_NAME)";
				SWIFT_VERSION = 5.0;
				TARGETED_DEVICE_FAMILY = "1,2";
			};
			name = Release;
		};
/* End XCBuildConfiguration section */

/* Begin XCConfigurationList section */
		0EBA04582575440C00E3F29A /* Build configuration list for PBXProject "RastreadorCovid" */ = {
			isa = XCConfigurationList;
			buildConfigurations = (
				0EBA046F2575440D00E3F29A /* Debug */,
				0EBA04702575440D00E3F29A /* Release */,
			);
			defaultConfigurationIsVisible = 0;
			defaultConfigurationName = Release;
		};
		0EBA04712575440D00E3F29A /* Build configuration list for PBXNativeTarget "RastreadorCovid" */ = {
			isa = XCConfigurationList;
			buildConfigurations = (
				0EBA04722575440D00E3F29A /* Debug */,
				0EBA04732575440D00E3F29A /* Release */,
			);
			defaultConfigurationIsVisible = 0;
			defaultConfigurationName = Release;
		};
/* End XCConfigurationList section */

/* Begin XCRemoteSwiftPackageReference section */
		0E1005C1257A6321006E77A9 /* XCRemoteSwiftPackageReference "CSV.swift" */ = {
			isa = XCRemoteSwiftPackageReference;
			repositoryURL = "https://github.com/yaslab/CSV.swift.git";
			requirement = {
				kind = upToNextMajorVersion;
				minimumVersion = 2.4.3;
			};
		};
		0E3971F4257CF9D90046F2A0 /* XCRemoteSwiftPackageReference "swift-package-manager" */ = {
			isa = XCRemoteSwiftPackageReference;
			repositoryURL = "https://github.com/apple/swift-package-manager";
			requirement = {
				kind = upToNextMajorVersion;
				minimumVersion = 0.6.0;
			};
		};
		0E3971F5257CFF7A0046F2A0 /* XCRemoteSwiftPackageReference "CSVImporter" */ = {
			isa = XCRemoteSwiftPackageReference;
			repositoryURL = "https://github.com/Flinesoft/CSVImporter";
			requirement = {
				kind = upToNextMajorVersion;
				minimumVersion = 1.9.1;
			};
		};
/* End XCRemoteSwiftPackageReference section */

/* Begin XCSwiftPackageProductDependency section */
		0E1005C2257A6321006E77A9 /* CSV */ = {
			isa = XCSwiftPackageProductDependency;
			package = 0E1005C1257A6321006E77A9 /* XCRemoteSwiftPackageReference "CSV.swift" */;
			productName = CSV;
		};
		0E3971F6257CFF7A0046F2A0 /* CSVImporter */ = {
			isa = XCSwiftPackageProductDependency;
			package = 0E3971F5257CFF7A0046F2A0 /* XCRemoteSwiftPackageReference "CSVImporter" */;
			productName = CSVImporter;
		};
/* End XCSwiftPackageProductDependency section */
	};
	rootObject = 0EBA04552575440C00E3F29A /* Project object */;
}
